// !$*UTF8*$!
{
	archiveVersion = 1;
	classes = {
	};
	objectVersion = 46;
	objects = {

/* Begin PBXBuildFile section */
		54AEB6841D5A09AD0032D1A3 /* AppDelegate.swift in Sources */ = {isa = PBXBuildFile; fileRef = 54AEB6831D5A09AD0032D1A3 /* AppDelegate.swift */; };
		54AEB6861D5A09AD0032D1A3 /* ViewController.swift in Sources */ = {isa = PBXBuildFile; fileRef = 54AEB6851D5A09AD0032D1A3 /* ViewController.swift */; };
		54AEB6891D5A09AD0032D1A3 /* Main.storyboard in Resources */ = {isa = PBXBuildFile; fileRef = 54AEB6871D5A09AD0032D1A3 /* Main.storyboard */; };
		54AEB68B1D5A09AE0032D1A3 /* Assets.xcassets in Resources */ = {isa = PBXBuildFile; fileRef = 54AEB68A1D5A09AE0032D1A3 /* Assets.xcassets */; };
		54AEB68E1D5A09AE0032D1A3 /* LaunchScreen.storyboard in Resources */ = {isa = PBXBuildFile; fileRef = 54AEB68C1D5A09AE0032D1A3 /* LaunchScreen.storyboard */; };
		54AEB6991D5A09AE0032D1A3 /* SwiftTipsDemoTests.swift in Sources */ = {isa = PBXBuildFile; fileRef = 54AEB6981D5A09AE0032D1A3 /* SwiftTipsDemoTests.swift */; };
		54AEB6A41D5A09AE0032D1A3 /* SwiftTipsDemoUITests.swift in Sources */ = {isa = PBXBuildFile; fileRef = 54AEB6A31D5A09AE0032D1A3 /* SwiftTipsDemoUITests.swift */; };
/* End PBXBuildFile section */

/* Begin PBXContainerItemProxy section */
		54AEB6951D5A09AE0032D1A3 /* PBXContainerItemProxy */ = {
			isa = PBXContainerItemProxy;
			containerPortal = 54AEB6781D5A09AD0032D1A3 /* Project object */;
			proxyType = 1;
			remoteGlobalIDString = 54AEB67F1D5A09AD0032D1A3;
			remoteInfo = SwiftTipsDemo;
		};
		54AEB6A01D5A09AE0032D1A3 /* PBXContainerItemProxy */ = {
			isa = PBXContainerItemProxy;
			containerPortal = 54AEB6781D5A09AD0032D1A3 /* Project object */;
			proxyType = 1;
			remoteGlobalIDString = 54AEB67F1D5A09AD0032D1A3;
			remoteInfo = SwiftTipsDemo;
		};
/* End PBXContainerItemProxy section */

/* Begin PBXFileReference section */
		54AEB6801D5A09AD0032D1A3 /* SwiftTipsDemo.app */ = {isa = PBXFileReference; explicitFileType = wrapper.application; includeInIndex = 0; path = SwiftTipsDemo.app; sourceTree = BUILT_PRODUCTS_DIR; };
		54AEB6831D5A09AD0032D1A3 /* AppDelegate.swift */ = {isa = PBXFileReference; lastKnownFileType = sourcecode.swift; path = AppDelegate.swift; sourceTree = "<group>"; };
		54AEB6851D5A09AD0032D1A3 /* ViewController.swift */ = {isa = PBXFileReference; lastKnownFileType = sourcecode.swift; path = ViewController.swift; sourceTree = "<group>"; };
		54AEB6881D5A09AD0032D1A3 /* Base */ = {isa = PBXFileReference; lastKnownFileType = file.storyboard; name = Base; path = Base.lproj/Main.storyboard; sourceTree = "<group>"; };
		54AEB68A1D5A09AE0032D1A3 /* Assets.xcassets */ = {isa = PBXFileReference; lastKnownFileType = folder.assetcatalog; path = Assets.xcassets; sourceTree = "<group>"; };
		54AEB68D1D5A09AE0032D1A3 /* Base */ = {isa = PBXFileReference; lastKnownFileType = file.storyboard; name = Base; path = Base.lproj/LaunchScreen.storyboard; sourceTree = "<group>"; };
		54AEB68F1D5A09AE0032D1A3 /* Info.plist */ = {isa = PBXFileReference; lastKnownFileType = text.plist.xml; path = Info.plist; sourceTree = "<group>"; };
		54AEB6941D5A09AE0032D1A3 /* SwiftTipsDemoTests.xctest */ = {isa = PBXFileReference; explicitFileType = wrapper.cfbundle; includeInIndex = 0; path = SwiftTipsDemoTests.xctest; sourceTree = BUILT_PRODUCTS_DIR; };
		54AEB6981D5A09AE0032D1A3 /* SwiftTipsDemoTests.swift */ = {isa = PBXFileReference; lastKnownFileType = sourcecode.swift; path = SwiftTipsDemoTests.swift; sourceTree = "<group>"; };
		54AEB69A1D5A09AE0032D1A3 /* Info.plist */ = {isa = PBXFileReference; lastKnownFileType = text.plist.xml; path = Info.plist; sourceTree = "<group>"; };
		54AEB69F1D5A09AE0032D1A3 /* SwiftTipsDemoUITests.xctest */ = {isa = PBXFileReference; explicitFileType = wrapper.cfbundle; includeInIndex = 0; path = SwiftTipsDemoUITests.xctest; sourceTree = BUILT_PRODUCTS_DIR; };
		54AEB6A31D5A09AE0032D1A3 /* SwiftTipsDemoUITests.swift */ = {isa = PBXFileReference; lastKnownFileType = sourcecode.swift; path = SwiftTipsDemoUITests.swift; sourceTree = "<group>"; };
		54AEB6A51D5A09AE0032D1A3 /* Info.plist */ = {isa = PBXFileReference; lastKnownFileType = text.plist.xml; path = Info.plist; sourceTree = "<group>"; };
/* End PBXFileReference section */

/* Begin PBXFrameworksBuildPhase section */
		54AEB67D1D5A09AD0032D1A3 /* Frameworks */ = {
			isa = PBXFrameworksBuildPhase;
			buildActionMask = 2147483647;
			files = (
			);
			runOnlyForDeploymentPostprocessing = 0;
		};
		54AEB6911D5A09AE0032D1A3 /* Frameworks */ = {
			isa = PBXFrameworksBuildPhase;
			buildActionMask = 2147483647;
			files = (
			);
			runOnlyForDeploymentPostprocessing = 0;
		};
		54AEB69C1D5A09AE0032D1A3 /* Frameworks */ = {
			isa = PBXFrameworksBuildPhase;
			buildActionMask = 2147483647;
			files = (
			);
			runOnlyForDeploymentPostprocessing = 0;
		};
/* End PBXFrameworksBuildPhase section */

/* Begin PBXGroup section */
		54AEB6771D5A09AD0032D1A3 = {
			isa = PBXGroup;
			children = (
				54AEB6821D5A09AD0032D1A3 /* SwiftTipsDemo */,
				54AEB6971D5A09AE0032D1A3 /* SwiftTipsDemoTests */,
				54AEB6A21D5A09AE0032D1A3 /* SwiftTipsDemoUITests */,
				54AEB6811D5A09AD0032D1A3 /* Products */,
			);
			sourceTree = "<group>";
		};
		54AEB6811D5A09AD0032D1A3 /* Products */ = {
			isa = PBXGroup;
			children = (
				54AEB6801D5A09AD0032D1A3 /* SwiftTipsDemo.app */,
				54AEB6941D5A09AE0032D1A3 /* SwiftTipsDemoTests.xctest */,
				54AEB69F1D5A09AE0032D1A3 /* SwiftTipsDemoUITests.xctest */,
			);
			name = Products;
			sourceTree = "<group>";
		};
		54AEB6821D5A09AD0032D1A3 /* SwiftTipsDemo */ = {
			isa = PBXGroup;
			children = (
				54AEB6831D5A09AD0032D1A3 /* AppDelegate.swift */,
				54AEB6851D5A09AD0032D1A3 /* ViewController.swift */,
				54AEB6871D5A09AD0032D1A3 /* Main.storyboard */,
				54AEB68A1D5A09AE0032D1A3 /* Assets.xcassets */,
				54AEB68C1D5A09AE0032D1A3 /* LaunchScreen.storyboard */,
				54AEB68F1D5A09AE0032D1A3 /* Info.plist */,
			);
			path = SwiftTipsDemo;
			sourceTree = "<group>";
		};
		54AEB6971D5A09AE0032D1A3 /* SwiftTipsDemoTests */ = {
			isa = PBXGroup;
			children = (
				54AEB6981D5A09AE0032D1A3 /* SwiftTipsDemoTests.swift */,
				54AEB69A1D5A09AE0032D1A3 /* Info.plist */,
			);
			path = SwiftTipsDemoTests;
			sourceTree = "<group>";
		};
		54AEB6A21D5A09AE0032D1A3 /* SwiftTipsDemoUITests */ = {
			isa = PBXGroup;
			children = (
				54AEB6A31D5A09AE0032D1A3 /* SwiftTipsDemoUITests.swift */,
				54AEB6A51D5A09AE0032D1A3 /* Info.plist */,
			);
			path = SwiftTipsDemoUITests;
			sourceTree = "<group>";
		};
/* End PBXGroup section */

/* Begin PBXNativeTarget section */
		54AEB67F1D5A09AD0032D1A3 /* SwiftTipsDemo */ = {
			isa = PBXNativeTarget;
			buildConfigurationList = 54AEB6A81D5A09AE0032D1A3 /* Build configuration list for PBXNativeTarget "SwiftTipsDemo" */;
			buildPhases = (
				54AEB67C1D5A09AD0032D1A3 /* Sources */,
				54AEB67D1D5A09AD0032D1A3 /* Frameworks */,
				54AEB67E1D5A09AD0032D1A3 /* Resources */,
			);
			buildRules = (
			);
			dependencies = (
			);
			name = SwiftTipsDemo;
			productName = SwiftTipsDemo;
			productReference = 54AEB6801D5A09AD0032D1A3 /* SwiftTipsDemo.app */;
			productType = "com.apple.product-type.application";
		};
		54AEB6931D5A09AE0032D1A3 /* SwiftTipsDemoTests */ = {
			isa = PBXNativeTarget;
			buildConfigurationList = 54AEB6AB1D5A09AE0032D1A3 /* Build configuration list for PBXNativeTarget "SwiftTipsDemoTests" */;
			buildPhases = (
				54AEB6901D5A09AE0032D1A3 /* Sources */,
				54AEB6911D5A09AE0032D1A3 /* Frameworks */,
				54AEB6921D5A09AE0032D1A3 /* Resources */,
			);
			buildRules = (
			);
			dependencies = (
				54AEB6961D5A09AE0032D1A3 /* PBXTargetDependency */,
			);
			name = SwiftTipsDemoTests;
			productName = SwiftTipsDemoTests;
			productReference = 54AEB6941D5A09AE0032D1A3 /* SwiftTipsDemoTests.xctest */;
			productType = "com.apple.product-type.bundle.unit-test";
		};
		54AEB69E1D5A09AE0032D1A3 /* SwiftTipsDemoUITests */ = {
			isa = PBXNativeTarget;
			buildConfigurationList = 54AEB6AE1D5A09AE0032D1A3 /* Build configuration list for PBXNativeTarget "SwiftTipsDemoUITests" */;
			buildPhases = (
				54AEB69B1D5A09AE0032D1A3 /* Sources */,
				54AEB69C1D5A09AE0032D1A3 /* Frameworks */,
				54AEB69D1D5A09AE0032D1A3 /* Resources */,
			);
			buildRules = (
			);
			dependencies = (
				54AEB6A11D5A09AE0032D1A3 /* PBXTargetDependency */,
			);
			name = SwiftTipsDemoUITests;
			productName = SwiftTipsDemoUITests;
			productReference = 54AEB69F1D5A09AE0032D1A3 /* SwiftTipsDemoUITests.xctest */;
			productType = "com.apple.product-type.bundle.ui-testing";
		};
/* End PBXNativeTarget section */

/* Begin PBXProject section */
		54AEB6781D5A09AD0032D1A3 /* Project object */ = {
			isa = PBXProject;
			attributes = {
				LastSwiftUpdateCheck = 0730;
				LastUpgradeCheck = 0730;
				ORGANIZATIONNAME = "张飞";
				TargetAttributes = {
					54AEB67F1D5A09AD0032D1A3 = {
						CreatedOnToolsVersion = 7.3.1;
					};
					54AEB6931D5A09AE0032D1A3 = {
						CreatedOnToolsVersion = 7.3.1;
						TestTargetID = 54AEB67F1D5A09AD0032D1A3;
					};
					54AEB69E1D5A09AE0032D1A3 = {
						CreatedOnToolsVersion = 7.3.1;
						TestTargetID = 54AEB67F1D5A09AD0032D1A3;
					};
				};
			};
			buildConfigurationList = 54AEB67B1D5A09AD0032D1A3 /* Build configuration list for PBXProject "SwiftTipsDemo" */;
			compatibilityVersion = "Xcode 3.2";
			developmentRegion = English;
			hasScannedForEncodings = 0;
			knownRegions = (
				en,
				Base,
			);
			mainGroup = 54AEB6771D5A09AD0032D1A3;
			productRefGroup = 54AEB6811D5A09AD0032D1A3 /* Products */;
			projectDirPath = "";
			projectRoot = "";
			targets = (
				54AEB67F1D5A09AD0032D1A3 /* SwiftTipsDemo */,
				54AEB6931D5A09AE0032D1A3 /* SwiftTipsDemoTests */,
				54AEB69E1D5A09AE0032D1A3 /* SwiftTipsDemoUITests */,
			);
		};
/* End PBXProject section */

/* Begin PBXResourcesBuildPhase section */
		54AEB67E1D5A09AD0032D1A3 /* Resources */ = {
			isa = PBXResourcesBuildPhase;
			buildActionMask = 2147483647;
			files = (
				54AEB68E1D5A09AE0032D1A3 /* LaunchScreen.storyboard in Resources */,
				54AEB68B1D5A09AE0032D1A3 /* Assets.xcassets in Resources */,
				54AEB6891D5A09AD0032D1A3 /* Main.storyboard in Resources */,
			);
			runOnlyForDeploymentPostprocessing = 0;
		};
		54AEB6921D5A09AE0032D1A3 /* Resources */ = {
			isa = PBXResourcesBuildPhase;
			buildActionMask = 2147483647;
			files = (
			);
			runOnlyForDeploymentPostprocessing = 0;
		};
		54AEB69D1D5A09AE0032D1A3 /* Resources */ = {
			isa = PBXResourcesBuildPhase;
			buildActionMask = 2147483647;
			files = (
			);
			runOnlyForDeploymentPostprocessing = 0;
		};
/* End PBXResourcesBuildPhase section */

/* Begin PBXSourcesBuildPhase section */
		54AEB67C1D5A09AD0032D1A3 /* Sources */ = {
			isa = PBXSourcesBuildPhase;
			buildActionMask = 2147483647;
			files = (
				54AEB6861D5A09AD0032D1A3 /* ViewController.swift in Sources */,
				54AEB6841D5A09AD0032D1A3 /* AppDelegate.swift in Sources */,
			);
			runOnlyForDeploymentPostprocessing = 0;
		};
		54AEB6901D5A09AE0032D1A3 /* Sources */ = {
			isa = PBXSourcesBuildPhase;
			buildActionMask = 2147483647;
			files = (
				54AEB6991D5A09AE0032D1A3 /* SwiftTipsDemoTests.swift in Sources */,
			);
			runOnlyForDeploymentPostprocessing = 0;
		};
		54AEB69B1D5A09AE0032D1A3 /* Sources */ = {
			isa = PBXSourcesBuildPhase;
			buildActionMask = 2147483647;
			files = (
				54AEB6A41D5A09AE0032D1A3 /* SwiftTipsDemoUITests.swift in Sources */,
			);
			runOnlyForDeploymentPostprocessing = 0;
		};
/* End PBXSourcesBuildPhase section */

/* Begin PBXTargetDependency section */
		54AEB6961D5A09AE0032D1A3 /* PBXTargetDependency */ = {
			isa = PBXTargetDependency;
			target = 54AEB67F1D5A09AD0032D1A3 /* SwiftTipsDemo */;
			targetProxy = 54AEB6951D5A09AE0032D1A3 /* PBXContainerItemProxy */;
		};
		54AEB6A11D5A09AE0032D1A3 /* PBXTargetDependency */ = {
			isa = PBXTargetDependency;
			target = 54AEB67F1D5A09AD0032D1A3 /* SwiftTipsDemo */;
			targetProxy = 54AEB6A01D5A09AE0032D1A3 /* PBXContainerItemProxy */;
		};
/* End PBXTargetDependency section */

/* Begin PBXVariantGroup section */
		54AEB6871D5A09AD0032D1A3 /* Main.storyboard */ = {
			isa = PBXVariantGroup;
			children = (
				54AEB6881D5A09AD0032D1A3 /* Base */,
			);
			name = Main.storyboard;
			sourceTree = "<group>";
		};
		54AEB68C1D5A09AE0032D1A3 /* LaunchScreen.storyboard */ = {
			isa = PBXVariantGroup;
			children = (
				54AEB68D1D5A09AE0032D1A3 /* Base */,
			);
			name = LaunchScreen.storyboard;
			sourceTree = "<group>";
		};
/* End PBXVariantGroup section */

/* Begin XCBuildConfiguration section */
		54AEB6A61D5A09AE0032D1A3 /* Debug */ = {
			isa = XCBuildConfiguration;
			buildSettings = {
				ALWAYS_SEARCH_USER_PATHS = NO;
				CLANG_ANALYZER_NONNULL = YES;
				CLANG_CXX_LANGUAGE_STANDARD = "gnu++0x";
				CLANG_CXX_LIBRARY = "libc++";
				CLANG_ENABLE_MODULES = YES;
				CLANG_ENABLE_OBJC_ARC = YES;
				CLANG_WARN_BOOL_CONVERSION = YES;
				CLANG_WARN_CONSTANT_CONVERSION = YES;
				CLANG_WARN_DIRECT_OBJC_ISA_USAGE = YES_ERROR;
				CLANG_WARN_EMPTY_BODY = YES;
				CLANG_WARN_ENUM_CONVERSION = YES;
				CLANG_WARN_INT_CONVERSION = YES;
				CLANG_WARN_OBJC_ROOT_CLASS = YES_ERROR;
				CLANG_WARN_UNREACHABLE_CODE = YES;
				CLANG_WARN__DUPLICATE_METHOD_MATCH = YES;
				"CODE_SIGN_IDENTITY[sdk=iphoneos*]" = "iPhone Developer";
				COPY_PHASE_STRIP = NO;
				DEBUG_INFORMATION_FORMAT = dwarf;
				ENABLE_STRICT_OBJC_MSGSEND = YES;
				ENABLE_TESTABILITY = YES;
				GCC_C_LANGUAGE_STANDARD = gnu99;
				GCC_DYNAMIC_NO_PIC = NO;
				GCC_NO_COMMON_BLOCKS = YES;
				GCC_OPTIMIZATION_LEVEL = 0;
				GCC_PREPROCESSOR_DEFINITIONS = (
					"DEBUG=1",
					"$(inherited)",
				);
				GCC_WARN_64_TO_32_BIT_CONVERSION = YES;
				GCC_WARN_ABOUT_RETURN_TYPE = YES_ERROR;
				GCC_WARN_UNDECLARED_SELECTOR = YES;
				GCC_WARN_UNINITIALIZED_AUTOS = YES_AGGRESSIVE;
				GCC_WARN_UNUSED_FUNCTION = YES;
				GCC_WARN_UNUSED_VARIABLE = YES;
				IPHONEOS_DEPLOYMENT_TARGET = 9.3;
				MTL_ENABLE_DEBUG_INFO = YES;
				ONLY_ACTIVE_ARCH = YES;
				SDKROOT = iphoneos;
				SWIFT_OPTIMIZATION_LEVEL = "-Onone";
			};
			name = Debug;
		};
		54AEB6A71D5A09AE0032D1A3 /* Release */ = {
			isa = XCBuildConfiguration;
			buildSettings = {
				ALWAYS_SEARCH_USER_PATHS = NO;
				CLANG_ANALYZER_NONNULL = YES;
				CLANG_CXX_LANGUAGE_STANDARD = "gnu++0x";
				CLANG_CXX_LIBRARY = "libc++";
				CLANG_ENABLE_MODULES = YES;
				CLANG_ENABLE_OBJC_ARC = YES;
				CLANG_WARN_BOOL_CONVERSION = YES;
				CLANG_WARN_CONSTANT_CONVERSION = YES;
				CLANG_WARN_DIRECT_OBJC_ISA_USAGE = YES_ERROR;
				CLANG_WARN_EMPTY_BODY = YES;
				CLANG_WARN_ENUM_CONVERSION = YES;
				CLANG_WARN_INT_CONVERSION = YES;
				CLANG_WARN_OBJC_ROOT_CLASS = YES_ERROR;
				CLANG_WARN_UNREACHABLE_CODE = YES;
				CLANG_WARN__DUPLICATE_METHOD_MATCH = YES;
				"CODE_SIGN_IDENTITY[sdk=iphoneos*]" = "iPhone Developer";
				COPY_PHASE_STRIP = NO;
				DEBUG_INFORMATION_FORMAT = "dwarf-with-dsym";
				ENABLE_NS_ASSERTIONS = NO;
				ENABLE_STRICT_OBJC_MSGSEND = YES;
				GCC_C_LANGUAGE_STANDARD = gnu99;
				GCC_NO_COMMON_BLOCKS = YES;
				GCC_WARN_64_TO_32_BIT_CONVERSION = YES;
				GCC_WARN_ABOUT_RETURN_TYPE = YES_ERROR;
				GCC_WARN_UNDECLARED_SELECTOR = YES;
				GCC_WARN_UNINITIALIZED_AUTOS = YES_AGGRESSIVE;
				GCC_WARN_UNUSED_FUNCTION = YES;
				GCC_WARN_UNUSED_VARIABLE = YES;
				IPHONEOS_DEPLOYMENT_TARGET = 9.3;
				MTL_ENABLE_DEBUG_INFO = NO;
				SDKROOT = iphoneos;
				VALIDATE_PRODUCT = YES;
			};
			name = Release;
		};
		54AEB6A91D5A09AE0032D1A3 /* Debug */ = {
			isa = XCBuildConfiguration;
			buildSettings = {
				ASSETCATALOG_COMPILER_APPICON_NAME = AppIcon;
				INFOPLIST_FILE = SwiftTipsDemo/Info.plist;
				LD_RUNPATH_SEARCH_PATHS = "$(inherited) @executable_path/Frameworks";
				PRODUCT_BUNDLE_IDENTIFIER = com.zf.SwiftTipsDemo;
				PRODUCT_NAME = "$(TARGET_NAME)";
			};
			name = Debug;
		};
		54AEB6AA1D5A09AE0032D1A3 /* Release */ = {
			isa = XCBuildConfiguration;
			buildSettings = {
				ASSETCATALOG_COMPILER_APPICON_NAME = AppIcon;
				INFOPLIST_FILE = SwiftTipsDemo/Info.plist;
				LD_RUNPATH_SEARCH_PATHS = "$(inherited) @executable_path/Frameworks";
				PRODUCT_BUNDLE_IDENTIFIER = com.zf.SwiftTipsDemo;
				PRODUCT_NAME = "$(TARGET_NAME)";
			};
			name = Release;
		};
		54AEB6AC1D5A09AE0032D1A3 /* Debug */ = {
			isa = XCBuildConfiguration;
			buildSettings = {
				BUNDLE_LOADER = "$(TEST_HOST)";
				INFOPLIST_FILE = SwiftTipsDemoTests/Info.plist;
				LD_RUNPATH_SEARCH_PATHS = "$(inherited) @executable_path/Frameworks @loader_path/Frameworks";
				PRODUCT_BUNDLE_IDENTIFIER = com.zf.SwiftTipsDemoTests;
				PRODUCT_NAME = "$(TARGET_NAME)";
				TEST_HOST = "$(BUILT_PRODUCTS_DIR)/SwiftTipsDemo.app/SwiftTipsDemo";
			};
			name = Debug;
		};
		54AEB6AD1D5A09AE0032D1A3 /* Release */ = {
			isa = XCBuildConfiguration;
			buildSettings = {
				BUNDLE_LOADER = "$(TEST_HOST)";
				INFOPLIST_FILE = SwiftTipsDemoTests/Info.plist;
				LD_RUNPATH_SEARCH_PATHS = "$(inherited) @executable_path/Frameworks @loader_path/Frameworks";
				PRODUCT_BUNDLE_IDENTIFIER = com.zf.SwiftTipsDemoTests;
				PRODUCT_NAME = "$(TARGET_NAME)";
				TEST_HOST = "$(BUILT_PRODUCTS_DIR)/SwiftTipsDemo.app/SwiftTipsDemo";
			};
			name = Release;
		};
		54AEB6AF1D5A09AE0032D1A3 /* Debug */ = {
			isa = XCBuildConfiguration;
			buildSettings = {
				INFOPLIST_FILE = SwiftTipsDemoUITests/Info.plist;
				LD_RUNPATH_SEARCH_PATHS = "$(inherited) @executable_path/Frameworks @loader_path/Frameworks";
				PRODUCT_BUNDLE_IDENTIFIER = com.zf.SwiftTipsDemoUITests;
				PRODUCT_NAME = "$(TARGET_NAME)";
				TEST_TARGET_NAME = SwiftTipsDemo;
			};
			name = Debug;
		};
		54AEB6B01D5A09AE0032D1A3 /* Release */ = {
			isa = XCBuildConfiguration;
			buildSettings = {
				INFOPLIST_FILE = SwiftTipsDemoUITests/Info.plist;
				LD_RUNPATH_SEARCH_PATHS = "$(inherited) @executable_path/Frameworks @loader_path/Frameworks";
				PRODUCT_BUNDLE_IDENTIFIER = com.zf.SwiftTipsDemoUITests;
				PRODUCT_NAME = "$(TARGET_NAME)";
				TEST_TARGET_NAME = SwiftTipsDemo;
			};
			name = Release;
		};
/* End XCBuildConfiguration section */

/* Begin XCConfigurationList section */
		54AEB67B1D5A09AD0032D1A3 /* Build configuration list for PBXProject "SwiftTipsDemo" */ = {
			isa = XCConfigurationList;
			buildConfigurations = (
				54AEB6A61D5A09AE0032D1A3 /* Debug */,
				54AEB6A71D5A09AE0032D1A3 /* Release */,
			);
			defaultConfigurationIsVisible = 0;
			defaultConfigurationName = Release;
		};
		54AEB6A81D5A09AE0032D1A3 /* Build configuration list for PBXNativeTarget "SwiftTipsDemo" */ = {
			isa = XCConfigurationList;
			buildConfigurations = (
				54AEB6A91D5A09AE0032D1A3 /* Debug */,
				54AEB6AA1D5A09AE0032D1A3 /* Release */,
			);
			defaultConfigurationIsVisible = 0;
		};
		54AEB6AB1D5A09AE0032D1A3 /* Build configuration list for PBXNativeTarget "SwiftTipsDemoTests" */ = {
			isa = XCConfigurationList;
			buildConfigurations = (
				54AEB6AC1D5A09AE0032D1A3 /* Debug */,
				54AEB6AD1D5A09AE0032D1A3 /* Release */,
			);
			defaultConfigurationIsVisible = 0;
		};
		54AEB6AE1D5A09AE0032D1A3 /* Build configuration list for PBXNativeTarget "SwiftTipsDemoUITests" */ = {
			isa = XCConfigurationList;
			buildConfigurations = (
				54AEB6AF1D5A09AE0032D1A3 /* Debug */,
				54AEB6B01D5A09AE0032D1A3 /* Release */,
			);
			defaultConfigurationIsVisible = 0;
		};
/* End XCConfigurationList section */
	};
	rootObject = 54AEB6781D5A09AD0032D1A3 /* Project object */;
}
